// !$*UTF8*$!
{
	archiveVersion = 1;
	classes = {
	};
	objectVersion = 50;
	objects = {

/* Begin PBXBuildFile section */
		C7F035E0260A8B2300770065 /* AppDelegate.swift in Sources */ = {isa = PBXBuildFile; fileRef = C7F035DF260A8B2300770065 /* AppDelegate.swift */; };
		C7F035E2260A8B2300770065 /* SceneDelegate.swift in Sources */ = {isa = PBXBuildFile; fileRef = C7F035E1260A8B2300770065 /* SceneDelegate.swift */; };
		C7F035E4260A8B2300770065 /* ContentView.swift in Sources */ = {isa = PBXBuildFile; fileRef = C7F035E3260A8B2300770065 /* ContentView.swift */; };
		C7F035E6260A8B2500770065 /* Assets.xcassets in Resources */ = {isa = PBXBuildFile; fileRef = C7F035E5260A8B2500770065 /* Assets.xcassets */; };
		C7F035E9260A8B2500770065 /* Preview Assets.xcassets in Resources */ = {isa = PBXBuildFile; fileRef = C7F035E8260A8B2500770065 /* Preview Assets.xcassets */; };
		C7F035EC260A8B2500770065 /* LaunchScreen.storyboard in Resources */ = {isa = PBXBuildFile; fileRef = C7F035EA260A8B2500770065 /* LaunchScreen.storyboard */; };
		C7F035F7260A8B2500770065 /* MyCardTests.swift in Sources */ = {isa = PBXBuildFile; fileRef = C7F035F6260A8B2500770065 /* MyCardTests.swift */; };
		C7F03602260A8B2500770065 /* MyCardUITests.swift in Sources */ = {isa = PBXBuildFile; fileRef = C7F03601260A8B2500770065 /* MyCardUITests.swift */; };
		C7F03614260A8D3B00770065 /* SyneMono-Regular.ttf in Resources */ = {isa = PBXBuildFile; fileRef = C7F03613260A8D3B00770065 /* SyneMono-Regular.ttf */; };
		C7F03615260A8D3B00770065 /* SyneMono-Regular.ttf in Resources */ = {isa = PBXBuildFile; fileRef = C7F03613260A8D3B00770065 /* SyneMono-Regular.ttf */; };
		C7F03616260A8D3B00770065 /* SyneMono-Regular.ttf in Resources */ = {isa = PBXBuildFile; fileRef = C7F03613260A8D3B00770065 /* SyneMono-Regular.ttf */; };
		C7F03636260A997300770065 /* InfoView.swift in Sources */ = {isa = PBXBuildFile; fileRef = C7F03635260A997300770065 /* InfoView.swift */; };
		C7F03637260A997300770065 /* InfoView.swift in Sources */ = {isa = PBXBuildFile; fileRef = C7F03635260A997300770065 /* InfoView.swift */; };
		C7F03638260A997300770065 /* InfoView.swift in Sources */ = {isa = PBXBuildFile; fileRef = C7F03635260A997300770065 /* InfoView.swift */; };
/* End PBXBuildFile section */

/* Begin PBXContainerItemProxy section */
		C7F035F3260A8B2500770065 /* PBXContainerItemProxy */ = {
			isa = PBXContainerItemProxy;
			containerPortal = C7F035D4260A8B2300770065 /* Project object */;
			proxyType = 1;
			remoteGlobalIDString = C7F035DB260A8B2300770065;
			remoteInfo = MyCard;
		};
		C7F035FE260A8B2500770065 /* PBXContainerItemProxy */ = {
			isa = PBXContainerItemProxy;
			containerPortal = C7F035D4260A8B2300770065 /* Project object */;
			proxyType = 1;
			remoteGlobalIDString = C7F035DB260A8B2300770065;
			remoteInfo = MyCard;
		};
/* End PBXContainerItemProxy section */

/* Begin PBXFileReference section */
		C7F035DC260A8B2300770065 /* MyCard.app */ = {isa = PBXFileReference; explicitFileType = wrapper.application; includeInIndex = 0; path = MyCard.app; sourceTree = BUILT_PRODUCTS_DIR; };
		C7F035DF260A8B2300770065 /* AppDelegate.swift */ = {isa = PBXFileReference; lastKnownFileType = sourcecode.swift; path = AppDelegate.swift; sourceTree = "<group>"; };
		C7F035E1260A8B2300770065 /* SceneDelegate.swift */ = {isa = PBXFileReference; lastKnownFileType = sourcecode.swift; path = SceneDelegate.swift; sourceTree = "<group>"; };
		C7F035E3260A8B2300770065 /* ContentView.swift */ = {isa = PBXFileReference; lastKnownFileType = sourcecode.swift; path = ContentView.swift; sourceTree = "<group>"; };
		C7F035E5260A8B2500770065 /* Assets.xcassets */ = {isa = PBXFileReference; lastKnownFileType = folder.assetcatalog; path = Assets.xcassets; sourceTree = "<group>"; };
		C7F035E8260A8B2500770065 /* Preview Assets.xcassets */ = {isa = PBXFileReference; lastKnownFileType = folder.assetcatalog; path = "Preview Assets.xcassets"; sourceTree = "<group>"; };
		C7F035EB260A8B2500770065 /* Base */ = {isa = PBXFileReference; lastKnownFileType = file.storyboard; name = Base; path = Base.lproj/LaunchScreen.storyboard; sourceTree = "<group>"; };
		C7F035ED260A8B2500770065 /* Info.plist */ = {isa = PBXFileReference; lastKnownFileType = text.plist.xml; path = Info.plist; sourceTree = "<group>"; };
		C7F035F2260A8B2500770065 /* MyCardTests.xctest */ = {isa = PBXFileReference; explicitFileType = wrapper.cfbundle; includeInIndex = 0; path = MyCardTests.xctest; sourceTree = BUILT_PRODUCTS_DIR; };
		C7F035F6260A8B2500770065 /* MyCardTests.swift */ = {isa = PBXFileReference; lastKnownFileType = sourcecode.swift; path = MyCardTests.swift; sourceTree = "<group>"; };
		C7F035F8260A8B2500770065 /* Info.plist */ = {isa = PBXFileReference; lastKnownFileType = text.plist.xml; path = Info.plist; sourceTree = "<group>"; };
		C7F035FD260A8B2500770065 /* MyCardUITests.xctest */ = {isa = PBXFileReference; explicitFileType = wrapper.cfbundle; includeInIndex = 0; path = MyCardUITests.xctest; sourceTree = BUILT_PRODUCTS_DIR; };
		C7F03601260A8B2500770065 /* MyCardUITests.swift */ = {isa = PBXFileReference; lastKnownFileType = sourcecode.swift; path = MyCardUITests.swift; sourceTree = "<group>"; };
		C7F03603260A8B2500770065 /* Info.plist */ = {isa = PBXFileReference; lastKnownFileType = text.plist.xml; path = Info.plist; sourceTree = "<group>"; };
		C7F03613260A8D3B00770065 /* SyneMono-Regular.ttf */ = {isa = PBXFileReference; lastKnownFileType = file; name = "SyneMono-Regular.ttf"; path = "../../../../../Downloads/Syne_Mono/SyneMono-Regular.ttf"; sourceTree = "<group>"; };
		C7F03635260A997300770065 /* InfoView.swift */ = {isa = PBXFileReference; lastKnownFileType = sourcecode.swift; path = InfoView.swift; sourceTree = "<group>"; };
/* End PBXFileReference section */

/* Begin PBXFrameworksBuildPhase section */
		C7F035D9260A8B2300770065 /* Frameworks */ = {
			isa = PBXFrameworksBuildPhase;
			buildActionMask = 2147483647;
			files = (
			);
			runOnlyForDeploymentPostprocessing = 0;
		};
		C7F035EF260A8B2500770065 /* Frameworks */ = {
			isa = PBXFrameworksBuildPhase;
			buildActionMask = 2147483647;
			files = (
			);
			runOnlyForDeploymentPostprocessing = 0;
		};
		C7F035FA260A8B2500770065 /* Frameworks */ = {
			isa = PBXFrameworksBuildPhase;
			buildActionMask = 2147483647;
			files = (
			);
			runOnlyForDeploymentPostprocessing = 0;
		};
/* End PBXFrameworksBuildPhase section */

/* Begin PBXGroup section */
		C7F035D3260A8B2300770065 = {
			isa = PBXGroup;
			children = (
				C7F035DE260A8B2300770065 /* MyCard */,
				C7F035F5260A8B2500770065 /* MyCardTests */,
				C7F03600260A8B2500770065 /* MyCardUITests */,
				C7F035DD260A8B2300770065 /* Products */,
			);
			sourceTree = "<group>";
		};
		C7F035DD260A8B2300770065 /* Products */ = {
			isa = PBXGroup;
			children = (
				C7F035DC260A8B2300770065 /* MyCard.app */,
				C7F035F2260A8B2500770065 /* MyCardTests.xctest */,
				C7F035FD260A8B2500770065 /* MyCardUITests.xctest */,
			);
			name = Products;
			sourceTree = "<group>";
		};
		C7F035DE260A8B2300770065 /* MyCard */ = {
			isa = PBXGroup;
			children = (
				C7F03612260A8D1B00770065 /* fonts */,
				C7F035DF260A8B2300770065 /* AppDelegate.swift */,
				C7F035E1260A8B2300770065 /* SceneDelegate.swift */,
				C7F035E3260A8B2300770065 /* ContentView.swift */,
				C7F035E5260A8B2500770065 /* Assets.xcassets */,
				C7F035EA260A8B2500770065 /* LaunchScreen.storyboard */,
				C7F035ED260A8B2500770065 /* Info.plist */,
				C7F035E7260A8B2500770065 /* Preview Content */,
				C7F03635260A997300770065 /* InfoView.swift */,
			);
			path = MyCard;
			sourceTree = "<group>";
		};
		C7F035E7260A8B2500770065 /* Preview Content */ = {
			isa = PBXGroup;
			children = (
				C7F035E8260A8B2500770065 /* Preview Assets.xcassets */,
			);
			path = "Preview Content";
			sourceTree = "<group>";
		};
		C7F035F5260A8B2500770065 /* MyCardTests */ = {
			isa = PBXGroup;
			children = (
				C7F035F6260A8B2500770065 /* MyCardTests.swift */,
				C7F035F8260A8B2500770065 /* Info.plist */,
			);
			path = MyCardTests;
			sourceTree = "<group>";
		};
		C7F03600260A8B2500770065 /* MyCardUITests */ = {
			isa = PBXGroup;
			children = (
				C7F03601260A8B2500770065 /* MyCardUITests.swift */,
				C7F03603260A8B2500770065 /* Info.plist */,
			);
			path = MyCardUITests;
			sourceTree = "<group>";
		};
		C7F03612260A8D1B00770065 /* fonts */ = {
			isa = PBXGroup;
			children = (
				C7F03613260A8D3B00770065 /* SyneMono-Regular.ttf */,
			);
			path = fonts;
			sourceTree = "<group>";
		};
/* End PBXGroup section */

/* Begin PBXNativeTarget section */
		C7F035DB260A8B2300770065 /* MyCard */ = {
			isa = PBXNativeTarget;
			buildConfigurationList = C7F03606260A8B2500770065 /* Build configuration list for PBXNativeTarget "MyCard" */;
			buildPhases = (
				C7F035D8260A8B2300770065 /* Sources */,
				C7F035D9260A8B2300770065 /* Frameworks */,
				C7F035DA260A8B2300770065 /* Resources */,
			);
			buildRules = (
			);
			dependencies = (
			);
			name = MyCard;
			productName = MyCard;
			productReference = C7F035DC260A8B2300770065 /* MyCard.app */;
			productType = "com.apple.product-type.application";
		};
		C7F035F1260A8B2500770065 /* MyCardTests */ = {
			isa = PBXNativeTarget;
			buildConfigurationList = C7F03609260A8B2500770065 /* Build configuration list for PBXNativeTarget "MyCardTests" */;
			buildPhases = (
				C7F035EE260A8B2500770065 /* Sources */,
				C7F035EF260A8B2500770065 /* Frameworks */,
				C7F035F0260A8B2500770065 /* Resources */,
			);
			buildRules = (
			);
			dependencies = (
				C7F035F4260A8B2500770065 /* PBXTargetDependency */,
			);
			name = MyCardTests;
			productName = MyCardTests;
			productReference = C7F035F2260A8B2500770065 /* MyCardTests.xctest */;
			productType = "com.apple.product-type.bundle.unit-test";
		};
		C7F035FC260A8B2500770065 /* MyCardUITests */ = {
			isa = PBXNativeTarget;
			buildConfigurationList = C7F0360C260A8B2500770065 /* Build configuration list for PBXNativeTarget "MyCardUITests" */;
			buildPhases = (
				C7F035F9260A8B2500770065 /* Sources */,
				C7F035FA260A8B2500770065 /* Frameworks */,
				C7F035FB260A8B2500770065 /* Resources */,
			);
			buildRules = (
			);
			dependencies = (
				C7F035FF260A8B2500770065 /* PBXTargetDependency */,
			);
			name = MyCardUITests;
			productName = MyCardUITests;
			productReference = C7F035FD260A8B2500770065 /* MyCardUITests.xctest */;
			productType = "com.apple.product-type.bundle.ui-testing";
		};
/* End PBXNativeTarget section */

/* Begin PBXProject section */
		C7F035D4260A8B2300770065 /* Project object */ = {
			isa = PBXProject;
			attributes = {
				LastSwiftUpdateCheck = 1240;
				LastUpgradeCheck = 1240;
				TargetAttributes = {
					C7F035DB260A8B2300770065 = {
						CreatedOnToolsVersion = 12.4;
					};
					C7F035F1260A8B2500770065 = {
						CreatedOnToolsVersion = 12.4;
						TestTargetID = C7F035DB260A8B2300770065;
					};
					C7F035FC260A8B2500770065 = {
						CreatedOnToolsVersion = 12.4;
						TestTargetID = C7F035DB260A8B2300770065;
					};
				};
			};
			buildConfigurationList = C7F035D7260A8B2300770065 /* Build configuration list for PBXProject "MyCard" */;
			compatibilityVersion = "Xcode 9.3";
			developmentRegion = en;
			hasScannedForEncodings = 0;
			knownRegions = (
				en,
				Base,
			);
			mainGroup = C7F035D3260A8B2300770065;
			productRefGroup = C7F035DD260A8B2300770065 /* Products */;
			projectDirPath = "";
			projectRoot = "";
			targets = (
				C7F035DB260A8B2300770065 /* MyCard */,
				C7F035F1260A8B2500770065 /* MyCardTests */,
				C7F035FC260A8B2500770065 /* MyCardUITests */,
			);
		};
/* End PBXProject section */

/* Begin PBXResourcesBuildPhase section */
		C7F035DA260A8B2300770065 /* Resources */ = {
			isa = PBXResourcesBuildPhase;
			buildActionMask = 2147483647;
			files = (
				C7F035EC260A8B2500770065 /* LaunchScreen.storyboard in Resources */,
				C7F035E9260A8B2500770065 /* Preview Assets.xcassets in Resources */,
				C7F035E6260A8B2500770065 /* Assets.xcassets in Resources */,
				C7F03614260A8D3B00770065 /* SyneMono-Regular.ttf in Resources */,
			);
			runOnlyForDeploymentPostprocessing = 0;
		};
		C7F035F0260A8B2500770065 /* Resources */ = {
			isa = PBXResourcesBuildPhase;
			buildActionMask = 2147483647;
			files = (
				C7F03615260A8D3B00770065 /* SyneMono-Regular.ttf in Resources */,
			);
			runOnlyForDeploymentPostprocessing = 0;
		};
		C7F035FB260A8B2500770065 /* Resources */ = {
			isa = PBXResourcesBuildPhase;
			buildActionMask = 2147483647;
			files = (
				C7F03616260A8D3B00770065 /* SyneMono-Regular.ttf in Resources */,
			);
			runOnlyForDeploymentPostprocessing = 0;
		};
/* End PBXResourcesBuildPhase section */

/* Begin PBXSourcesBuildPhase section */
		C7F035D8260A8B2300770065 /* Sources */ = {
			isa = PBXSourcesBuildPhase;
			buildActionMask = 2147483647;
			files = (
				C7F03636260A997300770065 /* InfoView.swift in Sources */,
				C7F035E0260A8B2300770065 /* AppDelegate.swift in Sources */,
				C7F035E2260A8B2300770065 /* SceneDelegate.swift in Sources */,
				C7F035E4260A8B2300770065 /* ContentView.swift in Sources */,
			);
			runOnlyForDeploymentPostprocessing = 0;
		};
		C7F035EE260A8B2500770065 /* Sources */ = {
			isa = PBXSourcesBuildPhase;
			buildActionMask = 2147483647;
			files = (
				C7F03637260A997300770065 /* InfoView.swift in Sources */,
				C7F035F7260A8B2500770065 /* MyCardTests.swift in Sources */,
			);
			runOnlyForDeploymentPostprocessing = 0;
		};
		C7F035F9260A8B2500770065 /* Sources */ = {
			isa = PBXSourcesBuildPhase;
			buildActionMask = 2147483647;
			files = (
				C7F03638260A997300770065 /* InfoView.swift in Sources */,
				C7F03602260A8B2500770065 /* MyCardUITests.swift in Sources */,
			);
			runOnlyForDeploymentPostprocessing = 0;
		};
/* End PBXSourcesBuildPhase section */

/* Begin PBXTargetDependency section */
		C7F035F4260A8B2500770065 /* PBXTargetDependency */ = {
			isa = PBXTargetDependency;
			target = C7F035DB260A8B2300770065 /* MyCard */;
			targetProxy = C7F035F3260A8B2500770065 /* PBXContainerItemProxy */;
		};
		C7F035FF260A8B2500770065 /* PBXTargetDependency */ = {
			isa = PBXTargetDependency;
			target = C7F035DB260A8B2300770065 /* MyCard */;
			targetProxy = C7F035FE260A8B2500770065 /* PBXContainerItemProxy */;
		};
/* End PBXTargetDependency section */

/* Begin PBXVariantGroup section */
		C7F035EA260A8B2500770065 /* LaunchScreen.storyboard */ = {
			isa = PBXVariantGroup;
			children = (
				C7F035EB260A8B2500770065 /* Base */,
			);
			name = LaunchScreen.storyboard;
			sourceTree = "<group>";
		};
/* End PBXVariantGroup section */

/* Begin XCBuildConfiguration section */
		C7F03604260A8B2500770065 /* Debug */ = {
			isa = XCBuildConfiguration;
			buildSettings = {
				ALWAYS_SEARCH_USER_PATHS = NO;
				CLANG_ANALYZER_NONNULL = YES;
				CLANG_ANALYZER_NUMBER_OBJECT_CONVERSION = YES_AGGRESSIVE;
				CLANG_CXX_LANGUAGE_STANDARD = "gnu++14";
				CLANG_CXX_LIBRARY = "libc++";
				CLANG_ENABLE_MODULES = YES;
				CLANG_ENABLE_OBJC_ARC = YES;
				CLANG_ENABLE_OBJC_WEAK = YES;
				CLANG_WARN_BLOCK_CAPTURE_AUTORELEASING = YES;
				CLANG_WARN_BOOL_CONVERSION = YES;
				CLANG_WARN_COMMA = YES;
				CLANG_WARN_CONSTANT_CONVERSION = YES;
				CLANG_WARN_DEPRECATED_OBJC_IMPLEMENTATIONS = YES;
				CLANG_WARN_DIRECT_OBJC_ISA_USAGE = YES_ERROR;
				CLANG_WARN_DOCUMENTATION_COMMENTS = YES;
				CLANG_WARN_EMPTY_BODY = YES;
				CLANG_WARN_ENUM_CONVERSION = YES;
				CLANG_WARN_INFINITE_RECURSION = YES;
				CLANG_WARN_INT_CONVERSION = YES;
				CLANG_WARN_NON_LITERAL_NULL_CONVERSION = YES;
				CLANG_WARN_OBJC_IMPLICIT_RETAIN_SELF = YES;
				CLANG_WARN_OBJC_LITERAL_CONVERSION = YES;
				CLANG_WARN_OBJC_ROOT_CLASS = YES_ERROR;
				CLANG_WARN_QUOTED_INCLUDE_IN_FRAMEWORK_HEADER = YES;
				CLANG_WARN_RANGE_LOOP_ANALYSIS = YES;
				CLANG_WARN_STRICT_PROTOTYPES = YES;
				CLANG_WARN_SUSPICIOUS_MOVE = YES;
				CLANG_WARN_UNGUARDED_AVAILABILITY = YES_AGGRESSIVE;
				CLANG_WARN_UNREACHABLE_CODE = YES;
				CLANG_WARN__DUPLICATE_METHOD_MATCH = YES;
				COPY_PHASE_STRIP = NO;
				DEBUG_INFORMATION_FORMAT = dwarf;
				ENABLE_STRICT_OBJC_MSGSEND = YES;
				ENABLE_TESTABILITY = YES;
				GCC_C_LANGUAGE_STANDARD = gnu11;
				GCC_DYNAMIC_NO_PIC = NO;
				GCC_NO_COMMON_BLOCKS = YES;
				GCC_OPTIMIZATION_LEVEL = 0;
				GCC_PREPROCESSOR_DEFINITIONS = (
					"DEBUG=1",
					"$(inherited)",
				);
				GCC_WARN_64_TO_32_BIT_CONVERSION = YES;
				GCC_WARN_ABOUT_RETURN_TYPE = YES_ERROR;
				GCC_WARN_UNDECLARED_SELECTOR = YES;
				GCC_WARN_UNINITIALIZED_AUTOS = YES_AGGRESSIVE;
				GCC_WARN_UNUSED_FUNCTION = YES;
				GCC_WARN_UNUSED_VARIABLE = YES;
				IPHONEOS_DEPLOYMENT_TARGET = 14.4;
				MTL_ENABLE_DEBUG_INFO = INCLUDE_SOURCE;
				MTL_FAST_MATH = YES;
				ONLY_ACTIVE_ARCH = YES;
				SDKROOT = iphoneos;
				SWIFT_ACTIVE_COMPILATION_CONDITIONS = DEBUG;
				SWIFT_OPTIMIZATION_LEVEL = "-Onone";
			};
			name = Debug;
		};
		C7F03605260A8B2500770065 /* Release */ = {
			isa = XCBuildConfiguration;
			buildSettings = {
				ALWAYS_SEARCH_USER_PATHS = NO;
				CLANG_ANALYZER_NONNULL = YES;
				CLANG_ANALYZER_NUMBER_OBJECT_CONVERSION = YES_AGGRESSIVE;
				CLANG_CXX_LANGUAGE_STANDARD = "gnu++14";
				CLANG_CXX_LIBRARY = "libc++";
				CLANG_ENABLE_MODULES = YES;
				CLANG_ENABLE_OBJC_ARC = YES;
				CLANG_ENABLE_OBJC_WEAK = YES;
				CLANG_WARN_BLOCK_CAPTURE_AUTORELEASING = YES;
				CLANG_WARN_BOOL_CONVERSION = YES;
				CLANG_WARN_COMMA = YES;
				CLANG_WARN_CONSTANT_CONVERSION = YES;
				CLANG_WARN_DEPRECATED_OBJC_IMPLEMENTATIONS = YES;
				CLANG_WARN_DIRECT_OBJC_ISA_USAGE = YES_ERROR;
				CLANG_WARN_DOCUMENTATION_COMMENTS = YES;
				CLANG_WARN_EMPTY_BODY = YES;
				CLANG_WARN_ENUM_CONVERSION = YES;
				CLANG_WARN_INFINITE_RECURSION = YES;
				CLANG_WARN_INT_CONVERSION = YES;
				CLANG_WARN_NON_LITERAL_NULL_CONVERSION = YES;
				CLANG_WARN_OBJC_IMPLICIT_RETAIN_SELF = YES;
				CLANG_WARN_OBJC_LITERAL_CONVERSION = YES;
				CLANG_WARN_OBJC_ROOT_CLASS = YES_ERROR;
				CLANG_WARN_QUOTED_INCLUDE_IN_FRAMEWORK_HEADER = YES;
				CLANG_WARN_RANGE_LOOP_ANALYSIS = YES;
				CLANG_WARN_STRICT_PROTOTYPES = YES;
				CLANG_WARN_SUSPICIOUS_MOVE = YES;
				CLANG_WARN_UNGUARDED_AVAILABILITY = YES_AGGRESSIVE;
				CLANG_WARN_UNREACHABLE_CODE = YES;
				CLANG_WARN__DUPLICATE_METHOD_MATCH = YES;
				COPY_PHASE_STRIP = NO;
				DEBUG_INFORMATION_FORMAT = "dwarf-with-dsym";
				ENABLE_NS_ASSERTIONS = NO;
				ENABLE_STRICT_OBJC_MSGSEND = YES;
				GCC_C_LANGUAGE_STANDARD = gnu11;
				GCC_NO_COMMON_BLOCKS = YES;
				GCC_WARN_64_TO_32_BIT_CONVERSION = YES;
				GCC_WARN_ABOUT_RETURN_TYPE = YES_ERROR;
				GCC_WARN_UNDECLARED_SELECTOR = YES;
				GCC_WARN_UNINITIALIZED_AUTOS = YES_AGGRESSIVE;
				GCC_WARN_UNUSED_FUNCTION = YES;
				GCC_WARN_UNUSED_VARIABLE = YES;
				IPHONEOS_DEPLOYMENT_TARGET = 14.4;
				MTL_ENABLE_DEBUG_INFO = NO;
				MTL_FAST_MATH = YES;
				SDKROOT = iphoneos;
				SWIFT_COMPILATION_MODE = wholemodule;
				SWIFT_OPTIMIZATION_LEVEL = "-O";
				VALIDATE_PRODUCT = YES;
			};
			name = Release;
		};
		C7F03607260A8B2500770065 /* Debug */ = {
			isa = XCBuildConfiguration;
			buildSettings = {
				ASSETCATALOG_COMPILER_APPICON_NAME = AppIcon;
				ASSETCATALOG_COMPILER_GLOBAL_ACCENT_COLOR_NAME = AccentColor;
				CODE_SIGN_STYLE = Automatic;
				DEVELOPMENT_ASSET_PATHS = "\"MyCard/Preview Content\"";
				ENABLE_PREVIEWS = YES;
				INFOPLIST_FILE = MyCard/Info.plist;
				LD_RUNPATH_SEARCH_PATHS = (
					"$(inherited)",
					"@executable_path/Frameworks",
				);
				PRODUCT_BUNDLE_IDENTIFIER = com.vijay.MyCard;
				PRODUCT_NAME = "$(TARGET_NAME)";
				SWIFT_VERSION = 5.0;
				TARGETED_DEVICE_FAMILY = "1,2";
			};
			name = Debug;
		};
		C7F03608260A8B2500770065 /* Release */ = {
			isa = XCBuildConfiguration;
			buildSettings = {
				ASSETCATALOG_COMPILER_APPICON_NAME = AppIcon;
				ASSETCATALOG_COMPILER_GLOBAL_ACCENT_COLOR_NAME = AccentColor;
				CODE_SIGN_STYLE = Automatic;
				DEVELOPMENT_ASSET_PATHS = "\"MyCard/Preview Content\"";
				ENABLE_PREVIEWS = YES;
				INFOPLIST_FILE = MyCard/Info.plist;
				LD_RUNPATH_SEARCH_PATHS = (
					"$(inherited)",
					"@executable_path/Frameworks",
				);
				PRODUCT_BUNDLE_IDENTIFIER = com.vijay.MyCard;
				PRODUCT_NAME = "$(TARGET_NAME)";
				SWIFT_VERSION = 5.0;
				TARGETED_DEVICE_FAMILY = "1,2";
			};
			name = Release;
		};
		C7F0360A260A8B2500770065 /* Debug */ = {
			isa = XCBuildConfiguration;
			buildSettings = {
				ALWAYS_EMBED_SWIFT_STANDARD_LIBRARIES = YES;
				BUNDLE_LOADER = "$(TEST_HOST)";
				CODE_SIGN_STYLE = Automatic;
				INFOPLIST_FILE = MyCardTests/Info.plist;
				IPHONEOS_DEPLOYMENT_TARGET = 14.4;
				LD_RUNPATH_SEARCH_PATHS = (
					"$(inherited)",
					"@executable_path/Frameworks",
					"@loader_path/Frameworks",
				);
				PRODUCT_BUNDLE_IDENTIFIER = com.vijay.MyCardTests;
				PRODUCT_NAME = "$(TARGET_NAME)";
				SWIFT_VERSION = 5.0;
				TARGETED_DEVICE_FAMILY = "1,2";
				TEST_HOST = "$(BUILT_PRODUCTS_DIR)/MyCard.app/MyCard";
			};
			name = Debug;
		};
		C7F0360B260A8B2500770065 /* Release */ = {
			isa = XCBuildConfiguration;
			buildSettings = {
				ALWAYS_EMBED_SWIFT_STANDARD_LIBRARIES = YES;
				BUNDLE_LOADER = "$(TEST_HOST)";
				CODE_SIGN_STYLE = Automatic;
				INFOPLIST_FILE = MyCardTests/Info.plist;
				IPHONEOS_DEPLOYMENT_TARGET = 14.4;
				LD_RUNPATH_SEARCH_PATHS = (
					"$(inherited)",
					"@executable_path/Frameworks",
					"@loader_path/Frameworks",
				);
				PRODUCT_BUNDLE_IDENTIFIER = com.vijay.MyCardTests;
				PRODUCT_NAME = "$(TARGET_NAME)";
				SWIFT_VERSION = 5.0;
				TARGETED_DEVICE_FAMILY = "1,2";
				TEST_HOST = "$(BUILT_PRODUCTS_DIR)/MyCard.app/MyCard";
			};
			name = Release;
		};
		C7F0360D260A8B2500770065 /* Debug */ = {
			isa = XCBuildConfiguration;
			buildSettings = {
				ALWAYS_EMBED_SWIFT_STANDARD_LIBRARIES = YES;
				CODE_SIGN_STYLE = Automatic;
				INFOPLIST_FILE = MyCardUITests/Info.plist;
				LD_RUNPATH_SEARCH_PATHS = (
					"$(inherited)",
					"@executable_path/Frameworks",
					"@loader_path/Frameworks",
				);
				PRODUCT_BUNDLE_IDENTIFIER = com.vijay.MyCardUITests;
				PRODUCT_NAME = "$(TARGET_NAME)";
				SWIFT_VERSION = 5.0;
				TARGETED_DEVICE_FAMILY = "1,2";
				TEST_TARGET_NAME = MyCard;
			};
			name = Debug;
		};
		C7F0360E260A8B2500770065 /* Release */ = {
			isa = XCBuildConfiguration;
			buildSettings = {
				ALWAYS_EMBED_SWIFT_STANDARD_LIBRARIES = YES;
				CODE_SIGN_STYLE = Automatic;
				INFOPLIST_FILE = MyCardUITests/Info.plist;
				LD_RUNPATH_SEARCH_PATHS = (
					"$(inherited)",
					"@executable_path/Frameworks",
					"@loader_path/Frameworks",
				);
				PRODUCT_BUNDLE_IDENTIFIER = com.vijay.MyCardUITests;
				PRODUCT_NAME = "$(TARGET_NAME)";
				SWIFT_VERSION = 5.0;
				TARGETED_DEVICE_FAMILY = "1,2";
				TEST_TARGET_NAME = MyCard;
			};
			name = Release;
		};
/* End XCBuildConfiguration section */

/* Begin XCConfigurationList section */
		C7F035D7260A8B2300770065 /* Build configuration list for PBXProject "MyCard" */ = {
			isa = XCConfigurationList;
			buildConfigurations = (
				C7F03604260A8B2500770065 /* Debug */,
				C7F03605260A8B2500770065 /* Release */,
			);
			defaultConfigurationIsVisible = 0;
			defaultConfigurationName = Release;
		};
		C7F03606260A8B2500770065 /* Build configuration list for PBXNativeTarget "MyCard" */ = {
			isa = XCConfigurationList;
			buildConfigurations = (
				C7F03607260A8B2500770065 /* Debug */,
				C7F03608260A8B2500770065 /* Release */,
			);
			defaultConfigurationIsVisible = 0;
			defaultConfigurationName = Release;
		};
		C7F03609260A8B2500770065 /* Build configuration list for PBXNativeTarget "MyCardTests" */ = {
			isa = XCConfigurationList;
			buildConfigurations = (
				C7F0360A260A8B2500770065 /* Debug */,
				C7F0360B260A8B2500770065 /* Release */,
			);
			defaultConfigurationIsVisible = 0;
			defaultConfigurationName = Release;
		};
		C7F0360C260A8B2500770065 /* Build configuration list for PBXNativeTarget "MyCardUITests" */ = {
			isa = XCConfigurationList;
			buildConfigurations = (
				C7F0360D260A8B2500770065 /* Debug */,
				C7F0360E260A8B2500770065 /* Release */,
			);
			defaultConfigurationIsVisible = 0;
			defaultConfigurationName = Release;
		};
/* End XCConfigurationList section */
	};
	rootObject = C7F035D4260A8B2300770065 /* Project object */;
}
